
Microsoft Visual Studio Solution File, Format Version 12.00
# Visual Studio Version 16
VisualStudioVersion = 16.0.31624.102
MinimumVisualStudioVersion = 10.0.40219.1
Project("{2150E333-8FDC-42A3-9474-1A3956D46DE8}") = "Lesson_Objects", "Lesson_Objects", "{C5710E89-A5BD-4C67-9A52-EE3918CEECE3}"
EndProject
Project("{9A19103F-16F7-4668-BE54-9A1E7A4F7556}") = "001_object", "Lesson_Objects\001_object\001_object.csproj", "{B2338018-DEB2-4902-8F5A-45AEFA16CCEE}"
EndProject
Project("{9A19103F-16F7-4668-BE54-9A1E7A4F7556}") = "002_object", "Lesson_Objects\002_object\002_object.csproj", "{0D89D70C-D38F-4A06-B08B-E97F244F5461}"
EndProject
Project("{9A19103F-16F7-4668-BE54-9A1E7A4F7556}") = "003_object", "Lesson_Objects\003_object\003_object.csproj", "{508775E3-5D9E-4C44-9CBC-A387F5B489B9}"
EndProject
Project("{9A19103F-16F7-4668-BE54-9A1E7A4F7556}") = "004_object", "Lesson_Objects\004_object\004_object.csproj", "{2C0BBC21-4B5D-4C79-88D6-E825C7718FE1}"
EndProject
Project("{9A19103F-16F7-4668-BE54-9A1E7A4F7556}") = "005_object", "Lesson_Objects\005_object\005_object.csproj", "{7FCD21C9-AC04-4698-A2CD-EC566C16DB86}"
EndProject
Project("{9A19103F-16F7-4668-BE54-9A1E7A4F7556}") = "006_object", "Lesson_Objects\006_object\006_object.csproj", "{6C9B66FE-B8F9-4968-AB76-554528A5EDE0}"
EndProject
Project("{9A19103F-16F7-4668-BE54-9A1E7A4F7556}") = "007_object_readonly", "Lesson_Objects\007_object_readonly\007_object_readonly.csproj", "{1355AAFF-9D56-4C6F-8ED6-6E6BF214D39E}"
EndProject
Project("{9A19103F-16F7-4668-BE54-9A1E7A4F7556}") = "008_object_properties", "Lesson_Objects\008_object_properties\008_object_properties.csproj", "{3433279B-7466-4051-8C21-04EF882D985C}"
EndProject
Project("{9A19103F-16F7-4668-BE54-9A1E7A4F7556}") = "009_object_properties", "Lesson_Objects\009_object_properties\009_object_properties.csproj", "{3F6C6107-F82F-4C13-AD73-CF81988F2DE6}"
EndProject
Project("{9A19103F-16F7-4668-BE54-9A1E7A4F7556}") = "010_object_properties", "Lesson_Objects\010_object_properties\010_object_properties.csproj", "{2E5AF07F-0096-4F8D-AB82-F1BB3927CE97}"
EndProject
Project("{9A19103F-16F7-4668-BE54-9A1E7A4F7556}") = "011_object_properties", "Lesson_Objects\011_object_properties\011_object_properties.csproj", "{2268DFB4-68C1-4128-ACDF-AD390791234C}"
EndProject
Project("{9A19103F-16F7-4668-BE54-9A1E7A4F7556}") = "012_object_properties", "Lesson_Objects\012_object_properties\012_object_properties.csproj", "{07AF7345-B08D-4719-8A1E-414F47733098}"
EndProject
Project("{9A19103F-16F7-4668-BE54-9A1E7A4F7556}") = "013_object_HashCode", "Lesson_Objects\013_object_HashCode\013_object_HashCode.csproj", "{A6CD7FD4-650B-4956-B360-1108D8FB0818}"
EndProject
Project("{9A19103F-16F7-4668-BE54-9A1E7A4F7556}") = "014_object_HashCode", "Lesson_Objects\014_object_HashCode\014_object_HashCode.csproj", "{219E0A1E-0C19-42E9-9D78-43AC0F7A169A}"
EndProject
Project("{9A19103F-16F7-4668-BE54-9A1E7A4F7556}") = "015_object_Equatable", "Lesson_Objects\015_object_Equatable\015_object_Equatable.csproj", "{E46DAA54-318A-40CF-902D-7564C6DA60FB}"
EndProject
Project("{9A19103F-16F7-4668-BE54-9A1E7A4F7556}") = "016_object_MemberwiseClone", "Lesson_Objects\016_object_MemberwiseClone\016_object_MemberwiseClone.csproj", "{5009FA1A-2904-4114-8A95-A0ADD73CA2DC}"
EndProject
Project("{2150E333-8FDC-42A3-9474-1A3956D46DE8}") = "Lesson_Inheritance", "Lesson_Inheritance", "{094FE2C1-828B-43C6-94C2-FC48E47210B9}"
EndProject
Project("{9A19103F-16F7-4668-BE54-9A1E7A4F7556}") = "001_inheritance", "Lesson_Inheritance\001_inheritance\001_inheritance.csproj", "{4FC4D6CF-2E94-4E2D-BAD2-6779267D7382}"
EndProject
Project("{9A19103F-16F7-4668-BE54-9A1E7A4F7556}") = "002_inheritance", "Lesson_Inheritance\002_inheritance\002_inheritance.csproj", "{8181CF86-5E41-49FD-BCBC-88E2EBFA3B16}"
EndProject
Project("{2150E333-8FDC-42A3-9474-1A3956D46DE8}") = "Lesson_Nested", "Lesson_Nested", "{F1F0F3B4-9525-48E6-BC4C-DDF36802EE88}"
EndProject
Project("{9A19103F-16F7-4668-BE54-9A1E7A4F7556}") = "001_Nested", "Lesson_Nested\001_Nested\001_Nested.csproj", "{BC432D7F-52B9-4B6D-B519-8B97E3EBA814}"
EndProject
Project("{9A19103F-16F7-4668-BE54-9A1E7A4F7556}") = "002_Nested", "Lesson_Nested\002_Nested\002_Nested.csproj", "{74AAD0CC-C007-42EC-B5CC-22904181AE61}"
EndProject
Project("{9A19103F-16F7-4668-BE54-9A1E7A4F7556}") = "003_Nested", "Lesson_Nested\003_Nested\003_Nested.csproj", "{01A51BE1-F2AF-4193-AE9D-549BE994D1BB}"
EndProject
Project("{9A19103F-16F7-4668-BE54-9A1E7A4F7556}") = "004_Nested", "Lesson_Nested\004_Nested\004_Nested.csproj", "{F71C5056-47BB-4689-B43E-34274AE140B1}"
EndProject
Project("{9A19103F-16F7-4668-BE54-9A1E7A4F7556}") = "005_Nested", "Lesson_Nested\005_Nested\005_Nested.csproj", "{13F446AD-A2CB-4BEA-AE6A-D7C01E888718}"
EndProject
Project("{2150E333-8FDC-42A3-9474-1A3956D46DE8}") = "Lesson_Structure", "Lesson_Structure", "{C293C6AD-50C4-4F09-9431-3EC7E18C1981}"
EndProject
Project("{FAE04EC0-301F-11D3-BF4B-00C04F79EFBC}") = "001_struct", "Lesson_Structure\001_struct\001_struct.csproj", "{462C01D6-2FEE-43AA-AEA5-F11FE707681F}"
EndProject
Project("{FAE04EC0-301F-11D3-BF4B-00C04F79EFBC}") = "002_struct", "Lesson_Structure\002_struct\002_struct.csproj", "{4298CF24-8FD5-4DA7-97A3-D6885A1CD3E1}"
EndProject
Project("{FAE04EC0-301F-11D3-BF4B-00C04F79EFBC}") = "003_struct", "Lesson_Structure\003_struct\003_struct.csproj", "{9DE75D57-4B6B-424F-BED1-43FA65563ECA}"
EndProject
Project("{FAE04EC0-301F-11D3-BF4B-00C04F79EFBC}") = "004_struct", "Lesson_Structure\004_struct\004_struct.csproj", "{CCDC61C9-83EF-4887-9FE2-DEA94BFD0F44}"
EndProject
Project("{FAE04EC0-301F-11D3-BF4B-00C04F79EFBC}") = "005_struct", "Lesson_Structure\005_struct\005_struct.csproj", "{0C059520-6A49-4161-BF78-BEBFE61C3FB3}"
EndProject
Global
	GlobalSection(SolutionConfigurationPlatforms) = preSolution
		Debug|Any CPU = Debug|Any CPU
		Release|Any CPU = Release|Any CPU
	EndGlobalSection
	GlobalSection(ProjectConfigurationPlatforms) = postSolution
		{B2338018-DEB2-4902-8F5A-45AEFA16CCEE}.Debug|Any CPU.ActiveCfg = Debug|Any CPU
		{B2338018-DEB2-4902-8F5A-45AEFA16CCEE}.Debug|Any CPU.Build.0 = Debug|Any CPU
		{B2338018-DEB2-4902-8F5A-45AEFA16CCEE}.Release|Any CPU.ActiveCfg = Release|Any CPU
		{B2338018-DEB2-4902-8F5A-45AEFA16CCEE}.Release|Any CPU.Build.0 = Release|Any CPU
		{0D89D70C-D38F-4A06-B08B-E97F244F5461}.Debug|Any CPU.ActiveCfg = Debug|Any CPU
		{0D89D70C-D38F-4A06-B08B-E97F244F5461}.Debug|Any CPU.Build.0 = Debug|Any CPU
		{0D89D70C-D38F-4A06-B08B-E97F244F5461}.Release|Any CPU.ActiveCfg = Release|Any CPU
		{0D89D70C-D38F-4A06-B08B-E97F244F5461}.Release|Any CPU.Build.0 = Release|Any CPU
		{508775E3-5D9E-4C44-9CBC-A387F5B489B9}.Debug|Any CPU.ActiveCfg = Debug|Any CPU
		{508775E3-5D9E-4C44-9CBC-A387F5B489B9}.Debug|Any CPU.Build.0 = Debug|Any CPU
		{508775E3-5D9E-4C44-9CBC-A387F5B489B9}.Release|Any CPU.ActiveCfg = Release|Any CPU
		{508775E3-5D9E-4C44-9CBC-A387F5B489B9}.Release|Any CPU.Build.0 = Release|Any CPU
		{2C0BBC21-4B5D-4C79-88D6-E825C7718FE1}.Debug|Any CPU.ActiveCfg = Debug|Any CPU
		{2C0BBC21-4B5D-4C79-88D6-E825C7718FE1}.Debug|Any CPU.Build.0 = Debug|Any CPU
		{2C0BBC21-4B5D-4C79-88D6-E825C7718FE1}.Release|Any CPU.ActiveCfg = Release|Any CPU
		{2C0BBC21-4B5D-4C79-88D6-E825C7718FE1}.Release|Any CPU.Build.0 = Release|Any CPU
		{7FCD21C9-AC04-4698-A2CD-EC566C16DB86}.Debug|Any CPU.ActiveCfg = Debug|Any CPU
		{7FCD21C9-AC04-4698-A2CD-EC566C16DB86}.Debug|Any CPU.Build.0 = Debug|Any CPU
		{7FCD21C9-AC04-4698-A2CD-EC566C16DB86}.Release|Any CPU.ActiveCfg = Release|Any CPU
		{7FCD21C9-AC04-4698-A2CD-EC566C16DB86}.Release|Any CPU.Build.0 = Release|Any CPU
		{6C9B66FE-B8F9-4968-AB76-554528A5EDE0}.Debug|Any CPU.ActiveCfg = Debug|Any CPU
		{6C9B66FE-B8F9-4968-AB76-554528A5EDE0}.Debug|Any CPU.Build.0 = Debug|Any CPU
		{6C9B66FE-B8F9-4968-AB76-554528A5EDE0}.Release|Any CPU.ActiveCfg = Release|Any CPU
		{6C9B66FE-B8F9-4968-AB76-554528A5EDE0}.Release|Any CPU.Build.0 = Release|Any CPU
		{1355AAFF-9D56-4C6F-8ED6-6E6BF214D39E}.Debug|Any CPU.ActiveCfg = Debug|Any CPU
		{1355AAFF-9D56-4C6F-8ED6-6E6BF214D39E}.Debug|Any CPU.Build.0 = Debug|Any CPU
		{1355AAFF-9D56-4C6F-8ED6-6E6BF214D39E}.Release|Any CPU.ActiveCfg = Release|Any CPU
		{1355AAFF-9D56-4C6F-8ED6-6E6BF214D39E}.Release|Any CPU.Build.0 = Release|Any CPU
		{3433279B-7466-4051-8C21-04EF882D985C}.Debug|Any CPU.ActiveCfg = Debug|Any CPU
		{3433279B-7466-4051-8C21-04EF882D985C}.Debug|Any CPU.Build.0 = Debug|Any CPU
		{3433279B-7466-4051-8C21-04EF882D985C}.Release|Any CPU.ActiveCfg = Release|Any CPU
		{3433279B-7466-4051-8C21-04EF882D985C}.Release|Any CPU.Build.0 = Release|Any CPU
		{3F6C6107-F82F-4C13-AD73-CF81988F2DE6}.Debug|Any CPU.ActiveCfg = Debug|Any CPU
		{3F6C6107-F82F-4C13-AD73-CF81988F2DE6}.Debug|Any CPU.Build.0 = Debug|Any CPU
		{3F6C6107-F82F-4C13-AD73-CF81988F2DE6}.Release|Any CPU.ActiveCfg = Release|Any CPU
		{3F6C6107-F82F-4C13-AD73-CF81988F2DE6}.Release|Any CPU.Build.0 = Release|Any CPU
		{2E5AF07F-0096-4F8D-AB82-F1BB3927CE97}.Debug|Any CPU.ActiveCfg = Debug|Any CPU
		{2E5AF07F-0096-4F8D-AB82-F1BB3927CE97}.Debug|Any CPU.Build.0 = Debug|Any CPU
		{2E5AF07F-0096-4F8D-AB82-F1BB3927CE97}.Release|Any CPU.ActiveCfg = Release|Any CPU
		{2E5AF07F-0096-4F8D-AB82-F1BB3927CE97}.Release|Any CPU.Build.0 = Release|Any CPU
		{2268DFB4-68C1-4128-ACDF-AD390791234C}.Debug|Any CPU.ActiveCfg = Debug|Any CPU
		{2268DFB4-68C1-4128-ACDF-AD390791234C}.Debug|Any CPU.Build.0 = Debug|Any CPU
		{2268DFB4-68C1-4128-ACDF-AD390791234C}.Release|Any CPU.ActiveCfg = Release|Any CPU
		{2268DFB4-68C1-4128-ACDF-AD390791234C}.Release|Any CPU.Build.0 = Release|Any CPU
		{07AF7345-B08D-4719-8A1E-414F47733098}.Debug|Any CPU.ActiveCfg = Debug|Any CPU
		{07AF7345-B08D-4719-8A1E-414F47733098}.Debug|Any CPU.Build.0 = Debug|Any CPU
		{07AF7345-B08D-4719-8A1E-414F47733098}.Release|Any CPU.ActiveCfg = Release|Any CPU
		{07AF7345-B08D-4719-8A1E-414F47733098}.Release|Any CPU.Build.0 = Release|Any CPU
		{A6CD7FD4-650B-4956-B360-1108D8FB0818}.Debug|Any CPU.ActiveCfg = Debug|Any CPU
		{A6CD7FD4-650B-4956-B360-1108D8FB0818}.Debug|Any CPU.Build.0 = Debug|Any CPU
		{A6CD7FD4-650B-4956-B360-1108D8FB0818}.Release|Any CPU.ActiveCfg = Release|Any CPU
		{A6CD7FD4-650B-4956-B360-1108D8FB0818}.Release|Any CPU.Build.0 = Release|Any CPU
		{219E0A1E-0C19-42E9-9D78-43AC0F7A169A}.Debug|Any CPU.ActiveCfg = Debug|Any CPU
		{219E0A1E-0C19-42E9-9D78-43AC0F7A169A}.Debug|Any CPU.Build.0 = Debug|Any CPU
		{219E0A1E-0C19-42E9-9D78-43AC0F7A169A}.Release|Any CPU.ActiveCfg = Release|Any CPU
		{219E0A1E-0C19-42E9-9D78-43AC0F7A169A}.Release|Any CPU.Build.0 = Release|Any CPU
		{E46DAA54-318A-40CF-902D-7564C6DA60FB}.Debug|Any CPU.ActiveCfg = Debug|Any CPU
		{E46DAA54-318A-40CF-902D-7564C6DA60FB}.Debug|Any CPU.Build.0 = Debug|Any CPU
		{E46DAA54-318A-40CF-902D-7564C6DA60FB}.Release|Any CPU.ActiveCfg = Release|Any CPU
		{E46DAA54-318A-40CF-902D-7564C6DA60FB}.Release|Any CPU.Build.0 = Release|Any CPU
		{5009FA1A-2904-4114-8A95-A0ADD73CA2DC}.Debug|Any CPU.ActiveCfg = Debug|Any CPU
		{5009FA1A-2904-4114-8A95-A0ADD73CA2DC}.Debug|Any CPU.Build.0 = Debug|Any CPU
		{5009FA1A-2904-4114-8A95-A0ADD73CA2DC}.Release|Any CPU.ActiveCfg = Release|Any CPU
		{5009FA1A-2904-4114-8A95-A0ADD73CA2DC}.Release|Any CPU.Build.0 = Release|Any CPU
		{4FC4D6CF-2E94-4E2D-BAD2-6779267D7382}.Debug|Any CPU.ActiveCfg = Debug|Any CPU
		{4FC4D6CF-2E94-4E2D-BAD2-6779267D7382}.Debug|Any CPU.Build.0 = Debug|Any CPU
		{4FC4D6CF-2E94-4E2D-BAD2-6779267D7382}.Release|Any CPU.ActiveCfg = Release|Any CPU
		{4FC4D6CF-2E94-4E2D-BAD2-6779267D7382}.Release|Any CPU.Build.0 = Release|Any CPU
		{8181CF86-5E41-49FD-BCBC-88E2EBFA3B16}.Debug|Any CPU.ActiveCfg = Debug|Any CPU
		{8181CF86-5E41-49FD-BCBC-88E2EBFA3B16}.Debug|Any CPU.Build.0 = Debug|Any CPU
		{8181CF86-5E41-49FD-BCBC-88E2EBFA3B16}.Release|Any CPU.ActiveCfg = Release|Any CPU
		{8181CF86-5E41-49FD-BCBC-88E2EBFA3B16}.Release|Any CPU.Build.0 = Release|Any CPU
		{BC432D7F-52B9-4B6D-B519-8B97E3EBA814}.Debug|Any CPU.ActiveCfg = Debug|Any CPU
		{BC432D7F-52B9-4B6D-B519-8B97E3EBA814}.Debug|Any CPU.Build.0 = Debug|Any CPU
		{BC432D7F-52B9-4B6D-B519-8B97E3EBA814}.Release|Any CPU.ActiveCfg = Release|Any CPU
		{BC432D7F-52B9-4B6D-B519-8B97E3EBA814}.Release|Any CPU.Build.0 = Release|Any CPU
		{74AAD0CC-C007-42EC-B5CC-22904181AE61}.Debug|Any CPU.ActiveCfg = Debug|Any CPU
		{74AAD0CC-C007-42EC-B5CC-22904181AE61}.Debug|Any CPU.Build.0 = Debug|Any CPU
		{74AAD0CC-C007-42EC-B5CC-22904181AE61}.Release|Any CPU.ActiveCfg = Release|Any CPU
		{74AAD0CC-C007-42EC-B5CC-22904181AE61}.Release|Any CPU.Build.0 = Release|Any CPU
		{01A51BE1-F2AF-4193-AE9D-549BE994D1BB}.Debug|Any CPU.ActiveCfg = Debug|Any CPU
		{01A51BE1-F2AF-4193-AE9D-549BE994D1BB}.Debug|Any CPU.Build.0 = Debug|Any CPU
		{01A51BE1-F2AF-4193-AE9D-549BE994D1BB}.Release|Any CPU.ActiveCfg = Release|Any CPU
		{01A51BE1-F2AF-4193-AE9D-549BE994D1BB}.Release|Any CPU.Build.0 = Release|Any CPU
		{F71C5056-47BB-4689-B43E-34274AE140B1}.Debug|Any CPU.ActiveCfg = Debug|Any CPU
		{F71C5056-47BB-4689-B43E-34274AE140B1}.Debug|Any CPU.Build.0 = Debug|Any CPU
		{F71C5056-47BB-4689-B43E-34274AE140B1}.Release|Any CPU.ActiveCfg = Release|Any CPU
		{F71C5056-47BB-4689-B43E-34274AE140B1}.Release|Any CPU.Build.0 = Release|Any CPU
		{13F446AD-A2CB-4BEA-AE6A-D7C01E888718}.Debug|Any CPU.ActiveCfg = Debug|Any CPU
		{13F446AD-A2CB-4BEA-AE6A-D7C01E888718}.Debug|Any CPU.Build.0 = Debug|Any CPU
		{13F446AD-A2CB-4BEA-AE6A-D7C01E888718}.Release|Any CPU.ActiveCfg = Release|Any CPU
		{13F446AD-A2CB-4BEA-AE6A-D7C01E888718}.Release|Any CPU.Build.0 = Release|Any CPU
		{462C01D6-2FEE-43AA-AEA5-F11FE707681F}.Debug|Any CPU.ActiveCfg = Debug|Any CPU
		{462C01D6-2FEE-43AA-AEA5-F11FE707681F}.Debug|Any CPU.Build.0 = Debug|Any CPU
		{462C01D6-2FEE-43AA-AEA5-F11FE707681F}.Release|Any CPU.ActiveCfg = Release|Any CPU
		{462C01D6-2FEE-43AA-AEA5-F11FE707681F}.Release|Any CPU.Build.0 = Release|Any CPU
		{4298CF24-8FD5-4DA7-97A3-D6885A1CD3E1}.Debug|Any CPU.ActiveCfg = Debug|Any CPU
		{4298CF24-8FD5-4DA7-97A3-D6885A1CD3E1}.Debug|Any CPU.Build.0 = Debug|Any CPU
		{4298CF24-8FD5-4DA7-97A3-D6885A1CD3E1}.Release|Any CPU.ActiveCfg = Release|Any CPU
		{4298CF24-8FD5-4DA7-97A3-D6885A1CD3E1}.Release|Any CPU.Build.0 = Release|Any CPU
		{9DE75D57-4B6B-424F-BED1-43FA65563ECA}.Debug|Any CPU.ActiveCfg = Debug|Any CPU
		{9DE75D57-4B6B-424F-BED1-43FA65563ECA}.Debug|Any CPU.Build.0 = Debug|Any CPU
		{9DE75D57-4B6B-424F-BED1-43FA65563ECA}.Release|Any CPU.ActiveCfg = Release|Any CPU
		{9DE75D57-4B6B-424F-BED1-43FA65563ECA}.Release|Any CPU.Build.0 = Release|Any CPU
		{CCDC61C9-83EF-4887-9FE2-DEA94BFD0F44}.Debug|Any CPU.ActiveCfg = Debug|Any CPU
		{CCDC61C9-83EF-4887-9FE2-DEA94BFD0F44}.Debug|Any CPU.Build.0 = Debug|Any CPU
		{CCDC61C9-83EF-4887-9FE2-DEA94BFD0F44}.Release|Any CPU.ActiveCfg = Release|Any CPU
		{CCDC61C9-83EF-4887-9FE2-DEA94BFD0F44}.Release|Any CPU.Build.0 = Release|Any CPU
		{0C059520-6A49-4161-BF78-BEBFE61C3FB3}.Debug|Any CPU.ActiveCfg = Debug|Any CPU
		{0C059520-6A49-4161-BF78-BEBFE61C3FB3}.Debug|Any CPU.Build.0 = Debug|Any CPU
		{0C059520-6A49-4161-BF78-BEBFE61C3FB3}.Release|Any CPU.ActiveCfg = Release|Any CPU
		{0C059520-6A49-4161-BF78-BEBFE61C3FB3}.Release|Any CPU.Build.0 = Release|Any CPU
	EndGlobalSection
	GlobalSection(SolutionProperties) = preSolution
		HideSolutionNode = FALSE
	EndGlobalSection
	GlobalSection(NestedProjects) = preSolution
		{B2338018-DEB2-4902-8F5A-45AEFA16CCEE} = {C5710E89-A5BD-4C67-9A52-EE3918CEECE3}
		{0D89D70C-D38F-4A06-B08B-E97F244F5461} = {C5710E89-A5BD-4C67-9A52-EE3918CEECE3}
		{508775E3-5D9E-4C44-9CBC-A387F5B489B9} = {C5710E89-A5BD-4C67-9A52-EE3918CEECE3}
		{2C0BBC21-4B5D-4C79-88D6-E825C7718FE1} = {C5710E89-A5BD-4C67-9A52-EE3918CEECE3}
		{7FCD21C9-AC04-4698-A2CD-EC566C16DB86} = {C5710E89-A5BD-4C67-9A52-EE3918CEECE3}
		{6C9B66FE-B8F9-4968-AB76-554528A5EDE0} = {C5710E89-A5BD-4C67-9A52-EE3918CEECE3}
		{1355AAFF-9D56-4C6F-8ED6-6E6BF214D39E} = {C5710E89-A5BD-4C67-9A52-EE3918CEECE3}
		{3433279B-7466-4051-8C21-04EF882D985C} = {C5710E89-A5BD-4C67-9A52-EE3918CEECE3}
		{3F6C6107-F82F-4C13-AD73-CF81988F2DE6} = {C5710E89-A5BD-4C67-9A52-EE3918CEECE3}
		{2E5AF07F-0096-4F8D-AB82-F1BB3927CE97} = {C5710E89-A5BD-4C67-9A52-EE3918CEECE3}
		{2268DFB4-68C1-4128-ACDF-AD390791234C} = {C5710E89-A5BD-4C67-9A52-EE3918CEECE3}
		{07AF7345-B08D-4719-8A1E-414F47733098} = {C5710E89-A5BD-4C67-9A52-EE3918CEECE3}
		{A6CD7FD4-650B-4956-B360-1108D8FB0818} = {C5710E89-A5BD-4C67-9A52-EE3918CEECE3}
		{219E0A1E-0C19-42E9-9D78-43AC0F7A169A} = {C5710E89-A5BD-4C67-9A52-EE3918CEECE3}
		{E46DAA54-318A-40CF-902D-7564C6DA60FB} = {C5710E89-A5BD-4C67-9A52-EE3918CEECE3}
		{5009FA1A-2904-4114-8A95-A0ADD73CA2DC} = {C5710E89-A5BD-4C67-9A52-EE3918CEECE3}
		{4FC4D6CF-2E94-4E2D-BAD2-6779267D7382} = {094FE2C1-828B-43C6-94C2-FC48E47210B9}
		{8181CF86-5E41-49FD-BCBC-88E2EBFA3B16} = {094FE2C1-828B-43C6-94C2-FC48E47210B9}
		{BC432D7F-52B9-4B6D-B519-8B97E3EBA814} = {F1F0F3B4-9525-48E6-BC4C-DDF36802EE88}
		{74AAD0CC-C007-42EC-B5CC-22904181AE61} = {F1F0F3B4-9525-48E6-BC4C-DDF36802EE88}
		{01A51BE1-F2AF-4193-AE9D-549BE994D1BB} = {F1F0F3B4-9525-48E6-BC4C-DDF36802EE88}
		{F71C5056-47BB-4689-B43E-34274AE140B1} = {F1F0F3B4-9525-48E6-BC4C-DDF36802EE88}
		{13F446AD-A2CB-4BEA-AE6A-D7C01E888718} = {F1F0F3B4-9525-48E6-BC4C-DDF36802EE88}
		{462C01D6-2FEE-43AA-AEA5-F11FE707681F} = {C293C6AD-50C4-4F09-9431-3EC7E18C1981}
		{4298CF24-8FD5-4DA7-97A3-D6885A1CD3E1} = {C293C6AD-50C4-4F09-9431-3EC7E18C1981}
		{9DE75D57-4B6B-424F-BED1-43FA65563ECA} = {C293C6AD-50C4-4F09-9431-3EC7E18C1981}
		{CCDC61C9-83EF-4887-9FE2-DEA94BFD0F44} = {C293C6AD-50C4-4F09-9431-3EC7E18C1981}
		{0C059520-6A49-4161-BF78-BEBFE61C3FB3} = {C293C6AD-50C4-4F09-9431-3EC7E18C1981}
	EndGlobalSection
	GlobalSection(ExtensibilityGlobals) = postSolution
		SolutionGuid = {53D62B6B-D8A3-4C67-A8CE-2B49817C2E6A}
	EndGlobalSection
EndGlobal
