
Microsoft Visual Studio Solution File, Format Version 12.00
# Visual Studio Version 17
VisualStudioVersion = 17.0.31919.166
MinimumVisualStudioVersion = 10.0.40219.1
Project("{2150E333-8FDC-42A3-9474-1A3956D46DE8}") = "Lesson_Objects", "Lesson_Objects", "{C5710E89-A5BD-4C67-9A52-EE3918CEECE3}"
EndProject
Project("{9A19103F-16F7-4668-BE54-9A1E7A4F7556}") = "001_object", "Lesson_Objects\001_object\001_object.csproj", "{B2338018-DEB2-4902-8F5A-45AEFA16CCEE}"
EndProject
Project("{9A19103F-16F7-4668-BE54-9A1E7A4F7556}") = "002_object", "Lesson_Objects\002_object\002_object.csproj", "{0D89D70C-D38F-4A06-B08B-E97F244F5461}"
EndProject
Project("{9A19103F-16F7-4668-BE54-9A1E7A4F7556}") = "003_object", "Lesson_Objects\003_object\003_object.csproj", "{508775E3-5D9E-4C44-9CBC-A387F5B489B9}"
EndProject
Project("{9A19103F-16F7-4668-BE54-9A1E7A4F7556}") = "004_object", "Lesson_Objects\004_object\004_object.csproj", "{2C0BBC21-4B5D-4C79-88D6-E825C7718FE1}"
EndProject
Project("{9A19103F-16F7-4668-BE54-9A1E7A4F7556}") = "005_object", "Lesson_Objects\005_object\005_object.csproj", "{7FCD21C9-AC04-4698-A2CD-EC566C16DB86}"
EndProject
Project("{9A19103F-16F7-4668-BE54-9A1E7A4F7556}") = "006_object", "Lesson_Objects\006_object\006_object.csproj", "{6C9B66FE-B8F9-4968-AB76-554528A5EDE0}"
EndProject
Project("{9A19103F-16F7-4668-BE54-9A1E7A4F7556}") = "007_object_readonly", "Lesson_Objects\007_object_readonly\007_object_readonly.csproj", "{1355AAFF-9D56-4C6F-8ED6-6E6BF214D39E}"
EndProject
Project("{9A19103F-16F7-4668-BE54-9A1E7A4F7556}") = "008_object_properties", "Lesson_Objects\008_object_properties\008_object_properties.csproj", "{3433279B-7466-4051-8C21-04EF882D985C}"
EndProject
Project("{9A19103F-16F7-4668-BE54-9A1E7A4F7556}") = "009_object_properties", "Lesson_Objects\009_object_properties\009_object_properties.csproj", "{3F6C6107-F82F-4C13-AD73-CF81988F2DE6}"
EndProject
Project("{9A19103F-16F7-4668-BE54-9A1E7A4F7556}") = "010_object_properties", "Lesson_Objects\010_object_properties\010_object_properties.csproj", "{2E5AF07F-0096-4F8D-AB82-F1BB3927CE97}"
EndProject
Project("{9A19103F-16F7-4668-BE54-9A1E7A4F7556}") = "011_object_properties", "Lesson_Objects\011_object_properties\011_object_properties.csproj", "{2268DFB4-68C1-4128-ACDF-AD390791234C}"
EndProject
Project("{9A19103F-16F7-4668-BE54-9A1E7A4F7556}") = "012_object_properties", "Lesson_Objects\012_object_properties\012_object_properties.csproj", "{07AF7345-B08D-4719-8A1E-414F47733098}"
EndProject
Project("{9A19103F-16F7-4668-BE54-9A1E7A4F7556}") = "013_object_HashCode", "Lesson_Objects\013_object_HashCode\013_object_HashCode.csproj", "{A6CD7FD4-650B-4956-B360-1108D8FB0818}"
EndProject
Project("{9A19103F-16F7-4668-BE54-9A1E7A4F7556}") = "014_object_HashCode", "Lesson_Objects\014_object_HashCode\014_object_HashCode.csproj", "{219E0A1E-0C19-42E9-9D78-43AC0F7A169A}"
EndProject
Project("{9A19103F-16F7-4668-BE54-9A1E7A4F7556}") = "015_object_Equatable", "Lesson_Objects\015_object_Equatable\015_object_Equatable.csproj", "{E46DAA54-318A-40CF-902D-7564C6DA60FB}"
EndProject
Project("{9A19103F-16F7-4668-BE54-9A1E7A4F7556}") = "016_object_MemberwiseClone", "Lesson_Objects\016_object_MemberwiseClone\016_object_MemberwiseClone.csproj", "{5009FA1A-2904-4114-8A95-A0ADD73CA2DC}"
EndProject
Project("{2150E333-8FDC-42A3-9474-1A3956D46DE8}") = "Lesson_Inheritance", "Lesson_Inheritance", "{094FE2C1-828B-43C6-94C2-FC48E47210B9}"
EndProject
Project("{9A19103F-16F7-4668-BE54-9A1E7A4F7556}") = "001_inheritance", "Lesson_Inheritance\001_inheritance\001_inheritance.csproj", "{4FC4D6CF-2E94-4E2D-BAD2-6779267D7382}"
EndProject
Project("{9A19103F-16F7-4668-BE54-9A1E7A4F7556}") = "002_inheritance", "Lesson_Inheritance\002_inheritance\002_inheritance.csproj", "{8181CF86-5E41-49FD-BCBC-88E2EBFA3B16}"
EndProject
Project("{2150E333-8FDC-42A3-9474-1A3956D46DE8}") = "Lesson_Nested", "Lesson_Nested", "{F1F0F3B4-9525-48E6-BC4C-DDF36802EE88}"
EndProject
Project("{9A19103F-16F7-4668-BE54-9A1E7A4F7556}") = "001_Nested", "Lesson_Nested\001_Nested\001_Nested.csproj", "{BC432D7F-52B9-4B6D-B519-8B97E3EBA814}"
EndProject
Project("{9A19103F-16F7-4668-BE54-9A1E7A4F7556}") = "002_Nested", "Lesson_Nested\002_Nested\002_Nested.csproj", "{74AAD0CC-C007-42EC-B5CC-22904181AE61}"
EndProject
Project("{9A19103F-16F7-4668-BE54-9A1E7A4F7556}") = "003_Nested", "Lesson_Nested\003_Nested\003_Nested.csproj", "{01A51BE1-F2AF-4193-AE9D-549BE994D1BB}"
EndProject
Project("{9A19103F-16F7-4668-BE54-9A1E7A4F7556}") = "004_Nested", "Lesson_Nested\004_Nested\004_Nested.csproj", "{F71C5056-47BB-4689-B43E-34274AE140B1}"
EndProject
Project("{9A19103F-16F7-4668-BE54-9A1E7A4F7556}") = "005_Nested", "Lesson_Nested\005_Nested\005_Nested.csproj", "{13F446AD-A2CB-4BEA-AE6A-D7C01E888718}"
EndProject
Project("{2150E333-8FDC-42A3-9474-1A3956D46DE8}") = "Lesson_Structure", "Lesson_Structure", "{C293C6AD-50C4-4F09-9431-3EC7E18C1981}"
EndProject
Project("{9A19103F-16F7-4668-BE54-9A1E7A4F7556}") = "001_struct", "Lesson_Structure\001_struct\001_struct.csproj", "{462C01D6-2FEE-43AA-AEA5-F11FE707681F}"
EndProject
Project("{9A19103F-16F7-4668-BE54-9A1E7A4F7556}") = "002_struct", "Lesson_Structure\002_struct\002_struct.csproj", "{4298CF24-8FD5-4DA7-97A3-D6885A1CD3E1}"
EndProject
Project("{9A19103F-16F7-4668-BE54-9A1E7A4F7556}") = "003_struct", "Lesson_Structure\003_struct\003_struct.csproj", "{9DE75D57-4B6B-424F-BED1-43FA65563ECA}"
EndProject
Project("{9A19103F-16F7-4668-BE54-9A1E7A4F7556}") = "004_struct", "Lesson_Structure\004_struct\004_struct.csproj", "{CCDC61C9-83EF-4887-9FE2-DEA94BFD0F44}"
EndProject
Project("{9A19103F-16F7-4668-BE54-9A1E7A4F7556}") = "005_struct", "Lesson_Structure\005_struct\005_struct.csproj", "{0C059520-6A49-4161-BF78-BEBFE61C3FB3}"
EndProject
Project("{9A19103F-16F7-4668-BE54-9A1E7A4F7556}") = "006_struct", "Lesson_Structure\006_struct\006_struct.csproj", "{70771307-47C0-4B33-AE78-9BB4CBFD2B0E}"
EndProject
Project("{9A19103F-16F7-4668-BE54-9A1E7A4F7556}") = "007_struct_point", "Lesson_Structure\007_struct_boxing\007_struct_point\007_struct_point.csproj", "{50B91382-FAD3-4502-922A-4B18C8C3F5A5}"
EndProject
Project("{9A19103F-16F7-4668-BE54-9A1E7A4F7556}") = "008_struct_boxing", "Lesson_Structure\008_struct_boxing\008_struct_boxing.csproj", "{A3999CD3-5DB7-4068-877B-6924A6671F7B}"
EndProject
Project("{9A19103F-16F7-4668-BE54-9A1E7A4F7556}") = "009_struct_boxing", "Lesson_Structure\009_struct_boxing\009_struct_boxing.csproj", "{1EE495BD-196A-4531-BB20-90EEE81215E3}"
EndProject
Project("{9A19103F-16F7-4668-BE54-9A1E7A4F7556}") = "010_struct_boxing", "Lesson_Structure\010_struct_boxing\010_struct_boxing.csproj", "{AABF324C-51F3-4492-B16B-E1F78D8FA573}"
EndProject
Project("{9A19103F-16F7-4668-BE54-9A1E7A4F7556}") = "011_struct_boxing_point", "Lesson_Structure\011_struct_boxing_point\011_struct_boxing_point.csproj", "{16C4B490-5D03-4988-950B-BCB955AA3013}"
EndProject
Project("{9A19103F-16F7-4668-BE54-9A1E7A4F7556}") = "011_struct_StackOverflow", "Lesson_Structure\011_struct_StackOverflow\011_struct_StackOverflow.csproj", "{5ED5C7C8-ED17-460C-89F1-0CF4F6A30255}"
EndProject
Project("{9A19103F-16F7-4668-BE54-9A1E7A4F7556}") = "012_struct_StackOverflow", "Lesson_Structure\012_struct_StackOverflow\012_struct_StackOverflow.csproj", "{26CA0AC8-587F-49AC-8F1B-32AEA819107D}"
EndProject
Project("{2150E333-8FDC-42A3-9474-1A3956D46DE8}") = "Lesson_Strings", "Lesson_Strings", "{86C59C6A-20B6-452C-96FF-5659F45C0843}"
EndProject
Project("{9A19103F-16F7-4668-BE54-9A1E7A4F7556}") = "001_CultureInfo", "Lesson_Strings\001_CultureInfo\001_CultureInfo.csproj", "{7A2E4EB0-6CBB-4026-B8E0-3C5EEE57AFCC}"
EndProject
Project("{9A19103F-16F7-4668-BE54-9A1E7A4F7556}") = "002_RegionInfo", "Lesson_Strings\002_RegionInfo\002_RegionInfo.csproj", "{AE8523B8-8318-44AB-9BA4-03E8FB197660}"
EndProject
Project("{9A19103F-16F7-4668-BE54-9A1E7A4F7556}") = "003_StringBuilder", "Lesson_Strings\003_StringBuilder\003_StringBuilder.csproj", "{DC03B82E-6D7A-443A-8373-D2B4263D683C}"
EndProject
Project("{9A19103F-16F7-4668-BE54-9A1E7A4F7556}") = "004_StringBuilder", "Lesson_Strings\004_StringBuilder\004_StringBuilder.csproj", "{67C34592-380E-4E6A-9249-936F9448C8EA}"
EndProject
Project("{9A19103F-16F7-4668-BE54-9A1E7A4F7556}") = "005_Strings", "Lesson_Strings\005_Strings\005_Strings.csproj", "{19988688-8E4B-4712-A0E1-571FB6079B4B}"
EndProject
Project("{2150E333-8FDC-42A3-9474-1A3956D46DE8}") = "Lesson_Generics", "Lesson_Generics", "{E0C21924-4F3B-4961-9448-CD5F315D8671}"
EndProject
Project("{9A19103F-16F7-4668-BE54-9A1E7A4F7556}") = "001_Generics", "Lesson_Generics\001_Generics\001_Generics.csproj", "{3850ECBA-FEA1-48D1-87D4-89AF8ABFC742}"
EndProject
Project("{9A19103F-16F7-4668-BE54-9A1E7A4F7556}") = "002_Generics", "Lesson_Generics\002_Generics\002_Generics.csproj", "{39AD6ABC-B0F8-4A22-8139-BAD174F7A363}"
EndProject
Project("{9A19103F-16F7-4668-BE54-9A1E7A4F7556}") = "003_Generics", "Lesson_Generics\003_Generics\003_Generics.csproj", "{6AC580FD-3563-42EA-BE1E-8590794610AB}"
EndProject
Project("{9A19103F-16F7-4668-BE54-9A1E7A4F7556}") = "004_Generics", "Lesson_Generics\004_Generics\004_Generics.csproj", "{5872A8A4-25DB-4BC8-9883-F5B5F9481891}"
EndProject
Project("{9A19103F-16F7-4668-BE54-9A1E7A4F7556}") = "005_Generics", "Lesson_Generics\005_Generics\005_Generics.csproj", "{8B2CA960-E778-402A-8362-7D047BB8B268}"
EndProject
Project("{9A19103F-16F7-4668-BE54-9A1E7A4F7556}") = "006_Generics", "Lesson_Generics\006_Generics\006_Generics.csproj", "{C9103CE9-BDBA-433D-B87E-04D7AE578B7B}"
EndProject
Project("{9A19103F-16F7-4668-BE54-9A1E7A4F7556}") = "007_Generics", "Lesson_Generics\007_Generics\007_Generics.csproj", "{B65DB501-1476-4040-B2B3-084AE92E7F14}"
EndProject
Project("{9A19103F-16F7-4668-BE54-9A1E7A4F7556}") = "008_Generics_Practice", "Lesson_Generics\008_Generics_Practice\008_Generics_Practice.csproj", "{800C5D79-BECC-4E88-8818-C812D2452B47}"
EndProject
Project("{2150E333-8FDC-42A3-9474-1A3956D46DE8}") = "Lesson_Generics_NullableTypes", "Lesson_Generics_NullableTypes", "{6705B18C-49E3-4461-BAC5-5D4A4E4D2B87}"
EndProject
Project("{9A19103F-16F7-4668-BE54-9A1E7A4F7556}") = "001_NullableTypes", "Lesson_Generics_NullableTypes\001_NullableTypes\001_NullableTypes.csproj", "{02BA9033-9951-4803-B693-257BE66233D2}"
EndProject
Project("{9A19103F-16F7-4668-BE54-9A1E7A4F7556}") = "002_NullableTypes", "Lesson_Generics_NullableTypes\002_NullableTypes\002_NullableTypes.csproj", "{E8A6EAA6-3F9D-4CA3-9F1E-84B53FEE0F7F}"
EndProject
Project("{9A19103F-16F7-4668-BE54-9A1E7A4F7556}") = "003_NullableTypes", "Lesson_Generics_NullableTypes\003_NullableTypes\003_NullableTypes.csproj", "{B1260D56-F322-4D41-BE8C-987578DE2BC9}"
EndProject
Project("{9A19103F-16F7-4668-BE54-9A1E7A4F7556}") = "004_NullableTypes", "Lesson_Generics_NullableTypes\004_NullableTypes\004_NullableTypes.csproj", "{0164E83F-0B2B-41AE-BBA5-1A1339DCE3FC}"
EndProject
Project("{9A19103F-16F7-4668-BE54-9A1E7A4F7556}") = "005_NullableTypes", "Lesson_Generics_NullableTypes\005_NullableTypes\005_NullableTypes.csproj", "{EF9E8E38-94D5-48F3-818B-39A3EEC976CA}"
EndProject
Project("{2150E333-8FDC-42A3-9474-1A3956D46DE8}") = "Lesson_Collections", "Lesson_Collections", "{4EC9FB75-31FB-4CBC-878F-24F65CF64CC0}"
EndProject
Project("{9A19103F-16F7-4668-BE54-9A1E7A4F7556}") = "000_LinkedList_Sample", "Lesson_Collections\000_LinkedList_Sample\000_LinkedList_Sample.csproj", "{EFACDB32-54EF-497A-A14F-FE830B5A0F1D}"
EndProject
Project("{9A19103F-16F7-4668-BE54-9A1E7A4F7556}") = "001_Enumerable", "Lesson_Collections\001_Enumerable\001_Enumerable.csproj", "{4CB6DD23-9D38-4616-985F-4EAB0CF48E47}"
EndProject
Project("{9A19103F-16F7-4668-BE54-9A1E7A4F7556}") = "002_Enumerable", "Lesson_Collections\002_Enumerable\002_Enumerable.csproj", "{5486C491-9EF5-4FBB-8AB5-6D0DFFB74BF3}"
EndProject
Project("{9A19103F-16F7-4668-BE54-9A1E7A4F7556}") = "003_Enumerable", "Lesson_Collections\003_Enumerable\003_Enumerable.csproj", "{9D7CC111-E8CF-4969-AF79-77A4BB437638}"
EndProject
Project("{9A19103F-16F7-4668-BE54-9A1E7A4F7556}") = "004_Enumerable", "Lesson_Collections\004_Enumerable\004_Enumerable.csproj", "{90CD9626-86C1-4004-B546-C57EE7ED73B1}"
EndProject
Project("{9A19103F-16F7-4668-BE54-9A1E7A4F7556}") = "005_Enumerable", "Lesson_Collections\005_Enumerable\005_Enumerable.csproj", "{8D261B01-B94C-47EC-86B1-74109452B7B9}"
EndProject
Project("{9A19103F-16F7-4668-BE54-9A1E7A4F7556}") = "006_Enumerable", "Lesson_Collections\006_Enumerable\006_Enumerable.csproj", "{B3D4DE70-25C5-4FF7-9189-BF5058BFE4B5}"
EndProject
Project("{9A19103F-16F7-4668-BE54-9A1E7A4F7556}") = "007_Enumerable_IReadOnlyCollection", "Lesson_Collections\007_Enumerable_IReadOnlyCollection\007_Enumerable_IReadOnlyCollection.csproj", "{1E5470A7-B219-468F-8349-99C122F2CADC}"
EndProject
Project("{9A19103F-16F7-4668-BE54-9A1E7A4F7556}") = "008_yield", "Lesson_Collections\008_yield\008_yield.csproj", "{E2A87B75-0A79-458B-B19D-4162C6C4B5C3}"
EndProject
Project("{9A19103F-16F7-4668-BE54-9A1E7A4F7556}") = "009_yield", "Lesson_Collections\009_yield\009_yield.csproj", "{BF42E1BB-4A67-4EF9-921B-97293047A533}"
EndProject
Project("{9A19103F-16F7-4668-BE54-9A1E7A4F7556}") = "010_Yield_Enumerable", "Lesson_Collections\010_Yield_Enumerable\010_Yield_Enumerable.csproj", "{08CAE4D1-9A07-46D0-9571-E5E2206E8C08}"
EndProject
Project("{9A19103F-16F7-4668-BE54-9A1E7A4F7556}") = "011_yield", "Lesson_Collections\011_yield\011_yield.csproj", "{CC46C1CF-615B-4F59-98CD-5B4378857FC1}"
EndProject
Project("{9A19103F-16F7-4668-BE54-9A1E7A4F7556}") = "011_Yield_DataRepository", "Lesson_Collections\011_Yield_DataRepository\011_Yield_DataRepository.csproj", "{55C7BB21-C86E-4E0F-A6C4-09799C1B02CF}"
EndProject
Project("{9A19103F-16F7-4668-BE54-9A1E7A4F7556}") = "012_Yield_Stream", "Lesson_Collections\012_Yield_Stream\012_Yield_Stream.csproj", "{27711BA4-5ADA-44AB-8EF7-B83877D84342}"
EndProject
Global
	GlobalSection(SolutionConfigurationPlatforms) = preSolution
		Debug|Any CPU = Debug|Any CPU
		Release|Any CPU = Release|Any CPU
	EndGlobalSection
	GlobalSection(ProjectConfigurationPlatforms) = postSolution
		{B2338018-DEB2-4902-8F5A-45AEFA16CCEE}.Debug|Any CPU.ActiveCfg = Debug|Any CPU
		{B2338018-DEB2-4902-8F5A-45AEFA16CCEE}.Debug|Any CPU.Build.0 = Debug|Any CPU
		{B2338018-DEB2-4902-8F5A-45AEFA16CCEE}.Release|Any CPU.ActiveCfg = Release|Any CPU
		{B2338018-DEB2-4902-8F5A-45AEFA16CCEE}.Release|Any CPU.Build.0 = Release|Any CPU
		{0D89D70C-D38F-4A06-B08B-E97F244F5461}.Debug|Any CPU.ActiveCfg = Debug|Any CPU
		{0D89D70C-D38F-4A06-B08B-E97F244F5461}.Debug|Any CPU.Build.0 = Debug|Any CPU
		{0D89D70C-D38F-4A06-B08B-E97F244F5461}.Release|Any CPU.ActiveCfg = Release|Any CPU
		{0D89D70C-D38F-4A06-B08B-E97F244F5461}.Release|Any CPU.Build.0 = Release|Any CPU
		{508775E3-5D9E-4C44-9CBC-A387F5B489B9}.Debug|Any CPU.ActiveCfg = Debug|Any CPU
		{508775E3-5D9E-4C44-9CBC-A387F5B489B9}.Debug|Any CPU.Build.0 = Debug|Any CPU
		{508775E3-5D9E-4C44-9CBC-A387F5B489B9}.Release|Any CPU.ActiveCfg = Release|Any CPU
		{508775E3-5D9E-4C44-9CBC-A387F5B489B9}.Release|Any CPU.Build.0 = Release|Any CPU
		{2C0BBC21-4B5D-4C79-88D6-E825C7718FE1}.Debug|Any CPU.ActiveCfg = Debug|Any CPU
		{2C0BBC21-4B5D-4C79-88D6-E825C7718FE1}.Debug|Any CPU.Build.0 = Debug|Any CPU
		{2C0BBC21-4B5D-4C79-88D6-E825C7718FE1}.Release|Any CPU.ActiveCfg = Release|Any CPU
		{2C0BBC21-4B5D-4C79-88D6-E825C7718FE1}.Release|Any CPU.Build.0 = Release|Any CPU
		{7FCD21C9-AC04-4698-A2CD-EC566C16DB86}.Debug|Any CPU.ActiveCfg = Debug|Any CPU
		{7FCD21C9-AC04-4698-A2CD-EC566C16DB86}.Debug|Any CPU.Build.0 = Debug|Any CPU
		{7FCD21C9-AC04-4698-A2CD-EC566C16DB86}.Release|Any CPU.ActiveCfg = Release|Any CPU
		{7FCD21C9-AC04-4698-A2CD-EC566C16DB86}.Release|Any CPU.Build.0 = Release|Any CPU
		{6C9B66FE-B8F9-4968-AB76-554528A5EDE0}.Debug|Any CPU.ActiveCfg = Debug|Any CPU
		{6C9B66FE-B8F9-4968-AB76-554528A5EDE0}.Debug|Any CPU.Build.0 = Debug|Any CPU
		{6C9B66FE-B8F9-4968-AB76-554528A5EDE0}.Release|Any CPU.ActiveCfg = Release|Any CPU
		{6C9B66FE-B8F9-4968-AB76-554528A5EDE0}.Release|Any CPU.Build.0 = Release|Any CPU
		{1355AAFF-9D56-4C6F-8ED6-6E6BF214D39E}.Debug|Any CPU.ActiveCfg = Debug|Any CPU
		{1355AAFF-9D56-4C6F-8ED6-6E6BF214D39E}.Debug|Any CPU.Build.0 = Debug|Any CPU
		{1355AAFF-9D56-4C6F-8ED6-6E6BF214D39E}.Release|Any CPU.ActiveCfg = Release|Any CPU
		{1355AAFF-9D56-4C6F-8ED6-6E6BF214D39E}.Release|Any CPU.Build.0 = Release|Any CPU
		{3433279B-7466-4051-8C21-04EF882D985C}.Debug|Any CPU.ActiveCfg = Debug|Any CPU
		{3433279B-7466-4051-8C21-04EF882D985C}.Debug|Any CPU.Build.0 = Debug|Any CPU
		{3433279B-7466-4051-8C21-04EF882D985C}.Release|Any CPU.ActiveCfg = Release|Any CPU
		{3433279B-7466-4051-8C21-04EF882D985C}.Release|Any CPU.Build.0 = Release|Any CPU
		{3F6C6107-F82F-4C13-AD73-CF81988F2DE6}.Debug|Any CPU.ActiveCfg = Debug|Any CPU
		{3F6C6107-F82F-4C13-AD73-CF81988F2DE6}.Debug|Any CPU.Build.0 = Debug|Any CPU
		{3F6C6107-F82F-4C13-AD73-CF81988F2DE6}.Release|Any CPU.ActiveCfg = Release|Any CPU
		{3F6C6107-F82F-4C13-AD73-CF81988F2DE6}.Release|Any CPU.Build.0 = Release|Any CPU
		{2E5AF07F-0096-4F8D-AB82-F1BB3927CE97}.Debug|Any CPU.ActiveCfg = Debug|Any CPU
		{2E5AF07F-0096-4F8D-AB82-F1BB3927CE97}.Debug|Any CPU.Build.0 = Debug|Any CPU
		{2E5AF07F-0096-4F8D-AB82-F1BB3927CE97}.Release|Any CPU.ActiveCfg = Release|Any CPU
		{2E5AF07F-0096-4F8D-AB82-F1BB3927CE97}.Release|Any CPU.Build.0 = Release|Any CPU
		{2268DFB4-68C1-4128-ACDF-AD390791234C}.Debug|Any CPU.ActiveCfg = Debug|Any CPU
		{2268DFB4-68C1-4128-ACDF-AD390791234C}.Debug|Any CPU.Build.0 = Debug|Any CPU
		{2268DFB4-68C1-4128-ACDF-AD390791234C}.Release|Any CPU.ActiveCfg = Release|Any CPU
		{2268DFB4-68C1-4128-ACDF-AD390791234C}.Release|Any CPU.Build.0 = Release|Any CPU
		{07AF7345-B08D-4719-8A1E-414F47733098}.Debug|Any CPU.ActiveCfg = Debug|Any CPU
		{07AF7345-B08D-4719-8A1E-414F47733098}.Debug|Any CPU.Build.0 = Debug|Any CPU
		{07AF7345-B08D-4719-8A1E-414F47733098}.Release|Any CPU.ActiveCfg = Release|Any CPU
		{07AF7345-B08D-4719-8A1E-414F47733098}.Release|Any CPU.Build.0 = Release|Any CPU
		{A6CD7FD4-650B-4956-B360-1108D8FB0818}.Debug|Any CPU.ActiveCfg = Debug|Any CPU
		{A6CD7FD4-650B-4956-B360-1108D8FB0818}.Debug|Any CPU.Build.0 = Debug|Any CPU
		{A6CD7FD4-650B-4956-B360-1108D8FB0818}.Release|Any CPU.ActiveCfg = Release|Any CPU
		{A6CD7FD4-650B-4956-B360-1108D8FB0818}.Release|Any CPU.Build.0 = Release|Any CPU
		{219E0A1E-0C19-42E9-9D78-43AC0F7A169A}.Debug|Any CPU.ActiveCfg = Debug|Any CPU
		{219E0A1E-0C19-42E9-9D78-43AC0F7A169A}.Debug|Any CPU.Build.0 = Debug|Any CPU
		{219E0A1E-0C19-42E9-9D78-43AC0F7A169A}.Release|Any CPU.ActiveCfg = Release|Any CPU
		{219E0A1E-0C19-42E9-9D78-43AC0F7A169A}.Release|Any CPU.Build.0 = Release|Any CPU
		{E46DAA54-318A-40CF-902D-7564C6DA60FB}.Debug|Any CPU.ActiveCfg = Debug|Any CPU
		{E46DAA54-318A-40CF-902D-7564C6DA60FB}.Debug|Any CPU.Build.0 = Debug|Any CPU
		{E46DAA54-318A-40CF-902D-7564C6DA60FB}.Release|Any CPU.ActiveCfg = Release|Any CPU
		{E46DAA54-318A-40CF-902D-7564C6DA60FB}.Release|Any CPU.Build.0 = Release|Any CPU
		{5009FA1A-2904-4114-8A95-A0ADD73CA2DC}.Debug|Any CPU.ActiveCfg = Debug|Any CPU
		{5009FA1A-2904-4114-8A95-A0ADD73CA2DC}.Debug|Any CPU.Build.0 = Debug|Any CPU
		{5009FA1A-2904-4114-8A95-A0ADD73CA2DC}.Release|Any CPU.ActiveCfg = Release|Any CPU
		{5009FA1A-2904-4114-8A95-A0ADD73CA2DC}.Release|Any CPU.Build.0 = Release|Any CPU
		{4FC4D6CF-2E94-4E2D-BAD2-6779267D7382}.Debug|Any CPU.ActiveCfg = Debug|Any CPU
		{4FC4D6CF-2E94-4E2D-BAD2-6779267D7382}.Debug|Any CPU.Build.0 = Debug|Any CPU
		{4FC4D6CF-2E94-4E2D-BAD2-6779267D7382}.Release|Any CPU.ActiveCfg = Release|Any CPU
		{4FC4D6CF-2E94-4E2D-BAD2-6779267D7382}.Release|Any CPU.Build.0 = Release|Any CPU
		{8181CF86-5E41-49FD-BCBC-88E2EBFA3B16}.Debug|Any CPU.ActiveCfg = Debug|Any CPU
		{8181CF86-5E41-49FD-BCBC-88E2EBFA3B16}.Debug|Any CPU.Build.0 = Debug|Any CPU
		{8181CF86-5E41-49FD-BCBC-88E2EBFA3B16}.Release|Any CPU.ActiveCfg = Release|Any CPU
		{8181CF86-5E41-49FD-BCBC-88E2EBFA3B16}.Release|Any CPU.Build.0 = Release|Any CPU
		{BC432D7F-52B9-4B6D-B519-8B97E3EBA814}.Debug|Any CPU.ActiveCfg = Debug|Any CPU
		{BC432D7F-52B9-4B6D-B519-8B97E3EBA814}.Debug|Any CPU.Build.0 = Debug|Any CPU
		{BC432D7F-52B9-4B6D-B519-8B97E3EBA814}.Release|Any CPU.ActiveCfg = Release|Any CPU
		{BC432D7F-52B9-4B6D-B519-8B97E3EBA814}.Release|Any CPU.Build.0 = Release|Any CPU
		{74AAD0CC-C007-42EC-B5CC-22904181AE61}.Debug|Any CPU.ActiveCfg = Debug|Any CPU
		{74AAD0CC-C007-42EC-B5CC-22904181AE61}.Debug|Any CPU.Build.0 = Debug|Any CPU
		{74AAD0CC-C007-42EC-B5CC-22904181AE61}.Release|Any CPU.ActiveCfg = Release|Any CPU
		{74AAD0CC-C007-42EC-B5CC-22904181AE61}.Release|Any CPU.Build.0 = Release|Any CPU
		{01A51BE1-F2AF-4193-AE9D-549BE994D1BB}.Debug|Any CPU.ActiveCfg = Debug|Any CPU
		{01A51BE1-F2AF-4193-AE9D-549BE994D1BB}.Debug|Any CPU.Build.0 = Debug|Any CPU
		{01A51BE1-F2AF-4193-AE9D-549BE994D1BB}.Release|Any CPU.ActiveCfg = Release|Any CPU
		{01A51BE1-F2AF-4193-AE9D-549BE994D1BB}.Release|Any CPU.Build.0 = Release|Any CPU
		{F71C5056-47BB-4689-B43E-34274AE140B1}.Debug|Any CPU.ActiveCfg = Debug|Any CPU
		{F71C5056-47BB-4689-B43E-34274AE140B1}.Debug|Any CPU.Build.0 = Debug|Any CPU
		{F71C5056-47BB-4689-B43E-34274AE140B1}.Release|Any CPU.ActiveCfg = Release|Any CPU
		{F71C5056-47BB-4689-B43E-34274AE140B1}.Release|Any CPU.Build.0 = Release|Any CPU
		{13F446AD-A2CB-4BEA-AE6A-D7C01E888718}.Debug|Any CPU.ActiveCfg = Debug|Any CPU
		{13F446AD-A2CB-4BEA-AE6A-D7C01E888718}.Debug|Any CPU.Build.0 = Debug|Any CPU
		{13F446AD-A2CB-4BEA-AE6A-D7C01E888718}.Release|Any CPU.ActiveCfg = Release|Any CPU
		{13F446AD-A2CB-4BEA-AE6A-D7C01E888718}.Release|Any CPU.Build.0 = Release|Any CPU
		{462C01D6-2FEE-43AA-AEA5-F11FE707681F}.Debug|Any CPU.ActiveCfg = Debug|Any CPU
		{462C01D6-2FEE-43AA-AEA5-F11FE707681F}.Debug|Any CPU.Build.0 = Debug|Any CPU
		{462C01D6-2FEE-43AA-AEA5-F11FE707681F}.Release|Any CPU.ActiveCfg = Release|Any CPU
		{462C01D6-2FEE-43AA-AEA5-F11FE707681F}.Release|Any CPU.Build.0 = Release|Any CPU
		{4298CF24-8FD5-4DA7-97A3-D6885A1CD3E1}.Debug|Any CPU.ActiveCfg = Debug|Any CPU
		{4298CF24-8FD5-4DA7-97A3-D6885A1CD3E1}.Debug|Any CPU.Build.0 = Debug|Any CPU
		{4298CF24-8FD5-4DA7-97A3-D6885A1CD3E1}.Release|Any CPU.ActiveCfg = Release|Any CPU
		{4298CF24-8FD5-4DA7-97A3-D6885A1CD3E1}.Release|Any CPU.Build.0 = Release|Any CPU
		{9DE75D57-4B6B-424F-BED1-43FA65563ECA}.Debug|Any CPU.ActiveCfg = Debug|Any CPU
		{9DE75D57-4B6B-424F-BED1-43FA65563ECA}.Debug|Any CPU.Build.0 = Debug|Any CPU
		{9DE75D57-4B6B-424F-BED1-43FA65563ECA}.Release|Any CPU.ActiveCfg = Release|Any CPU
		{9DE75D57-4B6B-424F-BED1-43FA65563ECA}.Release|Any CPU.Build.0 = Release|Any CPU
		{CCDC61C9-83EF-4887-9FE2-DEA94BFD0F44}.Debug|Any CPU.ActiveCfg = Debug|Any CPU
		{CCDC61C9-83EF-4887-9FE2-DEA94BFD0F44}.Debug|Any CPU.Build.0 = Debug|Any CPU
		{CCDC61C9-83EF-4887-9FE2-DEA94BFD0F44}.Release|Any CPU.ActiveCfg = Release|Any CPU
		{CCDC61C9-83EF-4887-9FE2-DEA94BFD0F44}.Release|Any CPU.Build.0 = Release|Any CPU
		{0C059520-6A49-4161-BF78-BEBFE61C3FB3}.Debug|Any CPU.ActiveCfg = Debug|Any CPU
		{0C059520-6A49-4161-BF78-BEBFE61C3FB3}.Debug|Any CPU.Build.0 = Debug|Any CPU
		{0C059520-6A49-4161-BF78-BEBFE61C3FB3}.Release|Any CPU.ActiveCfg = Release|Any CPU
		{0C059520-6A49-4161-BF78-BEBFE61C3FB3}.Release|Any CPU.Build.0 = Release|Any CPU
		{70771307-47C0-4B33-AE78-9BB4CBFD2B0E}.Debug|Any CPU.ActiveCfg = Debug|Any CPU
		{70771307-47C0-4B33-AE78-9BB4CBFD2B0E}.Debug|Any CPU.Build.0 = Debug|Any CPU
		{70771307-47C0-4B33-AE78-9BB4CBFD2B0E}.Release|Any CPU.ActiveCfg = Release|Any CPU
		{70771307-47C0-4B33-AE78-9BB4CBFD2B0E}.Release|Any CPU.Build.0 = Release|Any CPU
		{50B91382-FAD3-4502-922A-4B18C8C3F5A5}.Debug|Any CPU.ActiveCfg = Debug|Any CPU
		{50B91382-FAD3-4502-922A-4B18C8C3F5A5}.Debug|Any CPU.Build.0 = Debug|Any CPU
		{50B91382-FAD3-4502-922A-4B18C8C3F5A5}.Release|Any CPU.ActiveCfg = Release|Any CPU
		{50B91382-FAD3-4502-922A-4B18C8C3F5A5}.Release|Any CPU.Build.0 = Release|Any CPU
		{A3999CD3-5DB7-4068-877B-6924A6671F7B}.Debug|Any CPU.ActiveCfg = Debug|Any CPU
		{A3999CD3-5DB7-4068-877B-6924A6671F7B}.Debug|Any CPU.Build.0 = Debug|Any CPU
		{A3999CD3-5DB7-4068-877B-6924A6671F7B}.Release|Any CPU.ActiveCfg = Release|Any CPU
		{A3999CD3-5DB7-4068-877B-6924A6671F7B}.Release|Any CPU.Build.0 = Release|Any CPU
		{1EE495BD-196A-4531-BB20-90EEE81215E3}.Debug|Any CPU.ActiveCfg = Debug|Any CPU
		{1EE495BD-196A-4531-BB20-90EEE81215E3}.Debug|Any CPU.Build.0 = Debug|Any CPU
		{1EE495BD-196A-4531-BB20-90EEE81215E3}.Release|Any CPU.ActiveCfg = Release|Any CPU
		{1EE495BD-196A-4531-BB20-90EEE81215E3}.Release|Any CPU.Build.0 = Release|Any CPU
		{AABF324C-51F3-4492-B16B-E1F78D8FA573}.Debug|Any CPU.ActiveCfg = Debug|Any CPU
		{AABF324C-51F3-4492-B16B-E1F78D8FA573}.Debug|Any CPU.Build.0 = Debug|Any CPU
		{AABF324C-51F3-4492-B16B-E1F78D8FA573}.Release|Any CPU.ActiveCfg = Release|Any CPU
		{AABF324C-51F3-4492-B16B-E1F78D8FA573}.Release|Any CPU.Build.0 = Release|Any CPU
		{16C4B490-5D03-4988-950B-BCB955AA3013}.Debug|Any CPU.ActiveCfg = Debug|Any CPU
		{16C4B490-5D03-4988-950B-BCB955AA3013}.Debug|Any CPU.Build.0 = Debug|Any CPU
		{16C4B490-5D03-4988-950B-BCB955AA3013}.Release|Any CPU.ActiveCfg = Release|Any CPU
		{16C4B490-5D03-4988-950B-BCB955AA3013}.Release|Any CPU.Build.0 = Release|Any CPU
		{5ED5C7C8-ED17-460C-89F1-0CF4F6A30255}.Debug|Any CPU.ActiveCfg = Debug|Any CPU
		{5ED5C7C8-ED17-460C-89F1-0CF4F6A30255}.Debug|Any CPU.Build.0 = Debug|Any CPU
		{5ED5C7C8-ED17-460C-89F1-0CF4F6A30255}.Release|Any CPU.ActiveCfg = Release|Any CPU
		{5ED5C7C8-ED17-460C-89F1-0CF4F6A30255}.Release|Any CPU.Build.0 = Release|Any CPU
		{26CA0AC8-587F-49AC-8F1B-32AEA819107D}.Debug|Any CPU.ActiveCfg = Debug|Any CPU
		{26CA0AC8-587F-49AC-8F1B-32AEA819107D}.Debug|Any CPU.Build.0 = Debug|Any CPU
		{26CA0AC8-587F-49AC-8F1B-32AEA819107D}.Release|Any CPU.ActiveCfg = Release|Any CPU
		{26CA0AC8-587F-49AC-8F1B-32AEA819107D}.Release|Any CPU.Build.0 = Release|Any CPU
		{7A2E4EB0-6CBB-4026-B8E0-3C5EEE57AFCC}.Debug|Any CPU.ActiveCfg = Debug|Any CPU
		{7A2E4EB0-6CBB-4026-B8E0-3C5EEE57AFCC}.Debug|Any CPU.Build.0 = Debug|Any CPU
		{7A2E4EB0-6CBB-4026-B8E0-3C5EEE57AFCC}.Release|Any CPU.ActiveCfg = Release|Any CPU
		{7A2E4EB0-6CBB-4026-B8E0-3C5EEE57AFCC}.Release|Any CPU.Build.0 = Release|Any CPU
		{AE8523B8-8318-44AB-9BA4-03E8FB197660}.Debug|Any CPU.ActiveCfg = Debug|Any CPU
		{AE8523B8-8318-44AB-9BA4-03E8FB197660}.Debug|Any CPU.Build.0 = Debug|Any CPU
		{AE8523B8-8318-44AB-9BA4-03E8FB197660}.Release|Any CPU.ActiveCfg = Release|Any CPU
		{AE8523B8-8318-44AB-9BA4-03E8FB197660}.Release|Any CPU.Build.0 = Release|Any CPU
		{DC03B82E-6D7A-443A-8373-D2B4263D683C}.Debug|Any CPU.ActiveCfg = Debug|Any CPU
		{DC03B82E-6D7A-443A-8373-D2B4263D683C}.Debug|Any CPU.Build.0 = Debug|Any CPU
		{DC03B82E-6D7A-443A-8373-D2B4263D683C}.Release|Any CPU.ActiveCfg = Release|Any CPU
		{DC03B82E-6D7A-443A-8373-D2B4263D683C}.Release|Any CPU.Build.0 = Release|Any CPU
		{67C34592-380E-4E6A-9249-936F9448C8EA}.Debug|Any CPU.ActiveCfg = Debug|Any CPU
		{67C34592-380E-4E6A-9249-936F9448C8EA}.Debug|Any CPU.Build.0 = Debug|Any CPU
		{67C34592-380E-4E6A-9249-936F9448C8EA}.Release|Any CPU.ActiveCfg = Release|Any CPU
		{67C34592-380E-4E6A-9249-936F9448C8EA}.Release|Any CPU.Build.0 = Release|Any CPU
		{19988688-8E4B-4712-A0E1-571FB6079B4B}.Debug|Any CPU.ActiveCfg = Debug|Any CPU
		{19988688-8E4B-4712-A0E1-571FB6079B4B}.Debug|Any CPU.Build.0 = Debug|Any CPU
		{19988688-8E4B-4712-A0E1-571FB6079B4B}.Release|Any CPU.ActiveCfg = Release|Any CPU
		{19988688-8E4B-4712-A0E1-571FB6079B4B}.Release|Any CPU.Build.0 = Release|Any CPU
		{3850ECBA-FEA1-48D1-87D4-89AF8ABFC742}.Debug|Any CPU.ActiveCfg = Debug|Any CPU
		{3850ECBA-FEA1-48D1-87D4-89AF8ABFC742}.Debug|Any CPU.Build.0 = Debug|Any CPU
		{3850ECBA-FEA1-48D1-87D4-89AF8ABFC742}.Release|Any CPU.ActiveCfg = Release|Any CPU
		{3850ECBA-FEA1-48D1-87D4-89AF8ABFC742}.Release|Any CPU.Build.0 = Release|Any CPU
		{39AD6ABC-B0F8-4A22-8139-BAD174F7A363}.Debug|Any CPU.ActiveCfg = Debug|Any CPU
		{39AD6ABC-B0F8-4A22-8139-BAD174F7A363}.Debug|Any CPU.Build.0 = Debug|Any CPU
		{39AD6ABC-B0F8-4A22-8139-BAD174F7A363}.Release|Any CPU.ActiveCfg = Release|Any CPU
		{39AD6ABC-B0F8-4A22-8139-BAD174F7A363}.Release|Any CPU.Build.0 = Release|Any CPU
		{6AC580FD-3563-42EA-BE1E-8590794610AB}.Debug|Any CPU.ActiveCfg = Debug|Any CPU
		{6AC580FD-3563-42EA-BE1E-8590794610AB}.Debug|Any CPU.Build.0 = Debug|Any CPU
		{6AC580FD-3563-42EA-BE1E-8590794610AB}.Release|Any CPU.ActiveCfg = Release|Any CPU
		{6AC580FD-3563-42EA-BE1E-8590794610AB}.Release|Any CPU.Build.0 = Release|Any CPU
		{5872A8A4-25DB-4BC8-9883-F5B5F9481891}.Debug|Any CPU.ActiveCfg = Debug|Any CPU
		{5872A8A4-25DB-4BC8-9883-F5B5F9481891}.Debug|Any CPU.Build.0 = Debug|Any CPU
		{5872A8A4-25DB-4BC8-9883-F5B5F9481891}.Release|Any CPU.ActiveCfg = Release|Any CPU
		{5872A8A4-25DB-4BC8-9883-F5B5F9481891}.Release|Any CPU.Build.0 = Release|Any CPU
		{8B2CA960-E778-402A-8362-7D047BB8B268}.Debug|Any CPU.ActiveCfg = Debug|Any CPU
		{8B2CA960-E778-402A-8362-7D047BB8B268}.Debug|Any CPU.Build.0 = Debug|Any CPU
		{8B2CA960-E778-402A-8362-7D047BB8B268}.Release|Any CPU.ActiveCfg = Release|Any CPU
		{8B2CA960-E778-402A-8362-7D047BB8B268}.Release|Any CPU.Build.0 = Release|Any CPU
		{C9103CE9-BDBA-433D-B87E-04D7AE578B7B}.Debug|Any CPU.ActiveCfg = Debug|Any CPU
		{C9103CE9-BDBA-433D-B87E-04D7AE578B7B}.Debug|Any CPU.Build.0 = Debug|Any CPU
		{C9103CE9-BDBA-433D-B87E-04D7AE578B7B}.Release|Any CPU.ActiveCfg = Release|Any CPU
		{C9103CE9-BDBA-433D-B87E-04D7AE578B7B}.Release|Any CPU.Build.0 = Release|Any CPU
		{B65DB501-1476-4040-B2B3-084AE92E7F14}.Debug|Any CPU.ActiveCfg = Debug|Any CPU
		{B65DB501-1476-4040-B2B3-084AE92E7F14}.Debug|Any CPU.Build.0 = Debug|Any CPU
		{B65DB501-1476-4040-B2B3-084AE92E7F14}.Release|Any CPU.ActiveCfg = Release|Any CPU
		{B65DB501-1476-4040-B2B3-084AE92E7F14}.Release|Any CPU.Build.0 = Release|Any CPU
		{800C5D79-BECC-4E88-8818-C812D2452B47}.Debug|Any CPU.ActiveCfg = Debug|Any CPU
		{800C5D79-BECC-4E88-8818-C812D2452B47}.Debug|Any CPU.Build.0 = Debug|Any CPU
		{800C5D79-BECC-4E88-8818-C812D2452B47}.Release|Any CPU.ActiveCfg = Release|Any CPU
		{800C5D79-BECC-4E88-8818-C812D2452B47}.Release|Any CPU.Build.0 = Release|Any CPU
		{02BA9033-9951-4803-B693-257BE66233D2}.Debug|Any CPU.ActiveCfg = Debug|Any CPU
		{02BA9033-9951-4803-B693-257BE66233D2}.Debug|Any CPU.Build.0 = Debug|Any CPU
		{02BA9033-9951-4803-B693-257BE66233D2}.Release|Any CPU.ActiveCfg = Release|Any CPU
		{02BA9033-9951-4803-B693-257BE66233D2}.Release|Any CPU.Build.0 = Release|Any CPU
		{E8A6EAA6-3F9D-4CA3-9F1E-84B53FEE0F7F}.Debug|Any CPU.ActiveCfg = Debug|Any CPU
		{E8A6EAA6-3F9D-4CA3-9F1E-84B53FEE0F7F}.Debug|Any CPU.Build.0 = Debug|Any CPU
		{E8A6EAA6-3F9D-4CA3-9F1E-84B53FEE0F7F}.Release|Any CPU.ActiveCfg = Release|Any CPU
		{E8A6EAA6-3F9D-4CA3-9F1E-84B53FEE0F7F}.Release|Any CPU.Build.0 = Release|Any CPU
		{B1260D56-F322-4D41-BE8C-987578DE2BC9}.Debug|Any CPU.ActiveCfg = Debug|Any CPU
		{B1260D56-F322-4D41-BE8C-987578DE2BC9}.Debug|Any CPU.Build.0 = Debug|Any CPU
		{B1260D56-F322-4D41-BE8C-987578DE2BC9}.Release|Any CPU.ActiveCfg = Release|Any CPU
		{B1260D56-F322-4D41-BE8C-987578DE2BC9}.Release|Any CPU.Build.0 = Release|Any CPU
		{0164E83F-0B2B-41AE-BBA5-1A1339DCE3FC}.Debug|Any CPU.ActiveCfg = Debug|Any CPU
		{0164E83F-0B2B-41AE-BBA5-1A1339DCE3FC}.Debug|Any CPU.Build.0 = Debug|Any CPU
		{0164E83F-0B2B-41AE-BBA5-1A1339DCE3FC}.Release|Any CPU.ActiveCfg = Release|Any CPU
		{0164E83F-0B2B-41AE-BBA5-1A1339DCE3FC}.Release|Any CPU.Build.0 = Release|Any CPU
		{EF9E8E38-94D5-48F3-818B-39A3EEC976CA}.Debug|Any CPU.ActiveCfg = Debug|Any CPU
		{EF9E8E38-94D5-48F3-818B-39A3EEC976CA}.Debug|Any CPU.Build.0 = Debug|Any CPU
		{EF9E8E38-94D5-48F3-818B-39A3EEC976CA}.Release|Any CPU.ActiveCfg = Release|Any CPU
		{EF9E8E38-94D5-48F3-818B-39A3EEC976CA}.Release|Any CPU.Build.0 = Release|Any CPU
		{EFACDB32-54EF-497A-A14F-FE830B5A0F1D}.Debug|Any CPU.ActiveCfg = Debug|Any CPU
		{EFACDB32-54EF-497A-A14F-FE830B5A0F1D}.Debug|Any CPU.Build.0 = Debug|Any CPU
		{EFACDB32-54EF-497A-A14F-FE830B5A0F1D}.Release|Any CPU.ActiveCfg = Release|Any CPU
		{EFACDB32-54EF-497A-A14F-FE830B5A0F1D}.Release|Any CPU.Build.0 = Release|Any CPU
		{4CB6DD23-9D38-4616-985F-4EAB0CF48E47}.Debug|Any CPU.ActiveCfg = Debug|Any CPU
		{4CB6DD23-9D38-4616-985F-4EAB0CF48E47}.Debug|Any CPU.Build.0 = Debug|Any CPU
		{4CB6DD23-9D38-4616-985F-4EAB0CF48E47}.Release|Any CPU.ActiveCfg = Release|Any CPU
		{4CB6DD23-9D38-4616-985F-4EAB0CF48E47}.Release|Any CPU.Build.0 = Release|Any CPU
		{5486C491-9EF5-4FBB-8AB5-6D0DFFB74BF3}.Debug|Any CPU.ActiveCfg = Debug|Any CPU
		{5486C491-9EF5-4FBB-8AB5-6D0DFFB74BF3}.Debug|Any CPU.Build.0 = Debug|Any CPU
		{5486C491-9EF5-4FBB-8AB5-6D0DFFB74BF3}.Release|Any CPU.ActiveCfg = Release|Any CPU
		{5486C491-9EF5-4FBB-8AB5-6D0DFFB74BF3}.Release|Any CPU.Build.0 = Release|Any CPU
		{9D7CC111-E8CF-4969-AF79-77A4BB437638}.Debug|Any CPU.ActiveCfg = Debug|Any CPU
		{9D7CC111-E8CF-4969-AF79-77A4BB437638}.Debug|Any CPU.Build.0 = Debug|Any CPU
		{9D7CC111-E8CF-4969-AF79-77A4BB437638}.Release|Any CPU.ActiveCfg = Release|Any CPU
		{9D7CC111-E8CF-4969-AF79-77A4BB437638}.Release|Any CPU.Build.0 = Release|Any CPU
		{90CD9626-86C1-4004-B546-C57EE7ED73B1}.Debug|Any CPU.ActiveCfg = Debug|Any CPU
		{90CD9626-86C1-4004-B546-C57EE7ED73B1}.Debug|Any CPU.Build.0 = Debug|Any CPU
		{90CD9626-86C1-4004-B546-C57EE7ED73B1}.Release|Any CPU.ActiveCfg = Release|Any CPU
		{90CD9626-86C1-4004-B546-C57EE7ED73B1}.Release|Any CPU.Build.0 = Release|Any CPU
		{8D261B01-B94C-47EC-86B1-74109452B7B9}.Debug|Any CPU.ActiveCfg = Debug|Any CPU
		{8D261B01-B94C-47EC-86B1-74109452B7B9}.Debug|Any CPU.Build.0 = Debug|Any CPU
		{8D261B01-B94C-47EC-86B1-74109452B7B9}.Release|Any CPU.ActiveCfg = Release|Any CPU
		{8D261B01-B94C-47EC-86B1-74109452B7B9}.Release|Any CPU.Build.0 = Release|Any CPU
		{B3D4DE70-25C5-4FF7-9189-BF5058BFE4B5}.Debug|Any CPU.ActiveCfg = Debug|Any CPU
		{B3D4DE70-25C5-4FF7-9189-BF5058BFE4B5}.Debug|Any CPU.Build.0 = Debug|Any CPU
		{B3D4DE70-25C5-4FF7-9189-BF5058BFE4B5}.Release|Any CPU.ActiveCfg = Release|Any CPU
		{B3D4DE70-25C5-4FF7-9189-BF5058BFE4B5}.Release|Any CPU.Build.0 = Release|Any CPU
		{1E5470A7-B219-468F-8349-99C122F2CADC}.Debug|Any CPU.ActiveCfg = Debug|Any CPU
		{1E5470A7-B219-468F-8349-99C122F2CADC}.Debug|Any CPU.Build.0 = Debug|Any CPU
		{1E5470A7-B219-468F-8349-99C122F2CADC}.Release|Any CPU.ActiveCfg = Release|Any CPU
		{1E5470A7-B219-468F-8349-99C122F2CADC}.Release|Any CPU.Build.0 = Release|Any CPU
		{E2A87B75-0A79-458B-B19D-4162C6C4B5C3}.Debug|Any CPU.ActiveCfg = Debug|Any CPU
		{E2A87B75-0A79-458B-B19D-4162C6C4B5C3}.Debug|Any CPU.Build.0 = Debug|Any CPU
		{E2A87B75-0A79-458B-B19D-4162C6C4B5C3}.Release|Any CPU.ActiveCfg = Release|Any CPU
		{E2A87B75-0A79-458B-B19D-4162C6C4B5C3}.Release|Any CPU.Build.0 = Release|Any CPU
		{BF42E1BB-4A67-4EF9-921B-97293047A533}.Debug|Any CPU.ActiveCfg = Debug|Any CPU
		{BF42E1BB-4A67-4EF9-921B-97293047A533}.Debug|Any CPU.Build.0 = Debug|Any CPU
		{BF42E1BB-4A67-4EF9-921B-97293047A533}.Release|Any CPU.ActiveCfg = Release|Any CPU
		{BF42E1BB-4A67-4EF9-921B-97293047A533}.Release|Any CPU.Build.0 = Release|Any CPU
		{08CAE4D1-9A07-46D0-9571-E5E2206E8C08}.Debug|Any CPU.ActiveCfg = Debug|Any CPU
		{08CAE4D1-9A07-46D0-9571-E5E2206E8C08}.Debug|Any CPU.Build.0 = Debug|Any CPU
		{08CAE4D1-9A07-46D0-9571-E5E2206E8C08}.Release|Any CPU.ActiveCfg = Release|Any CPU
		{08CAE4D1-9A07-46D0-9571-E5E2206E8C08}.Release|Any CPU.Build.0 = Release|Any CPU
		{CC46C1CF-615B-4F59-98CD-5B4378857FC1}.Debug|Any CPU.ActiveCfg = Debug|Any CPU
		{CC46C1CF-615B-4F59-98CD-5B4378857FC1}.Debug|Any CPU.Build.0 = Debug|Any CPU
		{CC46C1CF-615B-4F59-98CD-5B4378857FC1}.Release|Any CPU.ActiveCfg = Release|Any CPU
		{CC46C1CF-615B-4F59-98CD-5B4378857FC1}.Release|Any CPU.Build.0 = Release|Any CPU
		{55C7BB21-C86E-4E0F-A6C4-09799C1B02CF}.Debug|Any CPU.ActiveCfg = Debug|Any CPU
		{55C7BB21-C86E-4E0F-A6C4-09799C1B02CF}.Debug|Any CPU.Build.0 = Debug|Any CPU
		{55C7BB21-C86E-4E0F-A6C4-09799C1B02CF}.Release|Any CPU.ActiveCfg = Release|Any CPU
		{55C7BB21-C86E-4E0F-A6C4-09799C1B02CF}.Release|Any CPU.Build.0 = Release|Any CPU
		{27711BA4-5ADA-44AB-8EF7-B83877D84342}.Debug|Any CPU.ActiveCfg = Debug|Any CPU
		{27711BA4-5ADA-44AB-8EF7-B83877D84342}.Debug|Any CPU.Build.0 = Debug|Any CPU
		{27711BA4-5ADA-44AB-8EF7-B83877D84342}.Release|Any CPU.ActiveCfg = Release|Any CPU
		{27711BA4-5ADA-44AB-8EF7-B83877D84342}.Release|Any CPU.Build.0 = Release|Any CPU
	EndGlobalSection
	GlobalSection(SolutionProperties) = preSolution
		HideSolutionNode = FALSE
	EndGlobalSection
	GlobalSection(NestedProjects) = preSolution
		{B2338018-DEB2-4902-8F5A-45AEFA16CCEE} = {C5710E89-A5BD-4C67-9A52-EE3918CEECE3}
		{0D89D70C-D38F-4A06-B08B-E97F244F5461} = {C5710E89-A5BD-4C67-9A52-EE3918CEECE3}
		{508775E3-5D9E-4C44-9CBC-A387F5B489B9} = {C5710E89-A5BD-4C67-9A52-EE3918CEECE3}
		{2C0BBC21-4B5D-4C79-88D6-E825C7718FE1} = {C5710E89-A5BD-4C67-9A52-EE3918CEECE3}
		{7FCD21C9-AC04-4698-A2CD-EC566C16DB86} = {C5710E89-A5BD-4C67-9A52-EE3918CEECE3}
		{6C9B66FE-B8F9-4968-AB76-554528A5EDE0} = {C5710E89-A5BD-4C67-9A52-EE3918CEECE3}
		{1355AAFF-9D56-4C6F-8ED6-6E6BF214D39E} = {C5710E89-A5BD-4C67-9A52-EE3918CEECE3}
		{3433279B-7466-4051-8C21-04EF882D985C} = {C5710E89-A5BD-4C67-9A52-EE3918CEECE3}
		{3F6C6107-F82F-4C13-AD73-CF81988F2DE6} = {C5710E89-A5BD-4C67-9A52-EE3918CEECE3}
		{2E5AF07F-0096-4F8D-AB82-F1BB3927CE97} = {C5710E89-A5BD-4C67-9A52-EE3918CEECE3}
		{2268DFB4-68C1-4128-ACDF-AD390791234C} = {C5710E89-A5BD-4C67-9A52-EE3918CEECE3}
		{07AF7345-B08D-4719-8A1E-414F47733098} = {C5710E89-A5BD-4C67-9A52-EE3918CEECE3}
		{A6CD7FD4-650B-4956-B360-1108D8FB0818} = {C5710E89-A5BD-4C67-9A52-EE3918CEECE3}
		{219E0A1E-0C19-42E9-9D78-43AC0F7A169A} = {C5710E89-A5BD-4C67-9A52-EE3918CEECE3}
		{E46DAA54-318A-40CF-902D-7564C6DA60FB} = {C5710E89-A5BD-4C67-9A52-EE3918CEECE3}
		{5009FA1A-2904-4114-8A95-A0ADD73CA2DC} = {C5710E89-A5BD-4C67-9A52-EE3918CEECE3}
		{4FC4D6CF-2E94-4E2D-BAD2-6779267D7382} = {094FE2C1-828B-43C6-94C2-FC48E47210B9}
		{8181CF86-5E41-49FD-BCBC-88E2EBFA3B16} = {094FE2C1-828B-43C6-94C2-FC48E47210B9}
		{BC432D7F-52B9-4B6D-B519-8B97E3EBA814} = {F1F0F3B4-9525-48E6-BC4C-DDF36802EE88}
		{74AAD0CC-C007-42EC-B5CC-22904181AE61} = {F1F0F3B4-9525-48E6-BC4C-DDF36802EE88}
		{01A51BE1-F2AF-4193-AE9D-549BE994D1BB} = {F1F0F3B4-9525-48E6-BC4C-DDF36802EE88}
		{F71C5056-47BB-4689-B43E-34274AE140B1} = {F1F0F3B4-9525-48E6-BC4C-DDF36802EE88}
		{13F446AD-A2CB-4BEA-AE6A-D7C01E888718} = {F1F0F3B4-9525-48E6-BC4C-DDF36802EE88}
		{462C01D6-2FEE-43AA-AEA5-F11FE707681F} = {C293C6AD-50C4-4F09-9431-3EC7E18C1981}
		{4298CF24-8FD5-4DA7-97A3-D6885A1CD3E1} = {C293C6AD-50C4-4F09-9431-3EC7E18C1981}
		{9DE75D57-4B6B-424F-BED1-43FA65563ECA} = {C293C6AD-50C4-4F09-9431-3EC7E18C1981}
		{CCDC61C9-83EF-4887-9FE2-DEA94BFD0F44} = {C293C6AD-50C4-4F09-9431-3EC7E18C1981}
		{0C059520-6A49-4161-BF78-BEBFE61C3FB3} = {C293C6AD-50C4-4F09-9431-3EC7E18C1981}
		{70771307-47C0-4B33-AE78-9BB4CBFD2B0E} = {C293C6AD-50C4-4F09-9431-3EC7E18C1981}
		{50B91382-FAD3-4502-922A-4B18C8C3F5A5} = {C293C6AD-50C4-4F09-9431-3EC7E18C1981}
		{A3999CD3-5DB7-4068-877B-6924A6671F7B} = {C293C6AD-50C4-4F09-9431-3EC7E18C1981}
		{1EE495BD-196A-4531-BB20-90EEE81215E3} = {C293C6AD-50C4-4F09-9431-3EC7E18C1981}
		{AABF324C-51F3-4492-B16B-E1F78D8FA573} = {C293C6AD-50C4-4F09-9431-3EC7E18C1981}
		{16C4B490-5D03-4988-950B-BCB955AA3013} = {C293C6AD-50C4-4F09-9431-3EC7E18C1981}
		{5ED5C7C8-ED17-460C-89F1-0CF4F6A30255} = {C293C6AD-50C4-4F09-9431-3EC7E18C1981}
		{26CA0AC8-587F-49AC-8F1B-32AEA819107D} = {C293C6AD-50C4-4F09-9431-3EC7E18C1981}
		{7A2E4EB0-6CBB-4026-B8E0-3C5EEE57AFCC} = {86C59C6A-20B6-452C-96FF-5659F45C0843}
		{AE8523B8-8318-44AB-9BA4-03E8FB197660} = {86C59C6A-20B6-452C-96FF-5659F45C0843}
		{DC03B82E-6D7A-443A-8373-D2B4263D683C} = {86C59C6A-20B6-452C-96FF-5659F45C0843}
		{67C34592-380E-4E6A-9249-936F9448C8EA} = {86C59C6A-20B6-452C-96FF-5659F45C0843}
		{19988688-8E4B-4712-A0E1-571FB6079B4B} = {86C59C6A-20B6-452C-96FF-5659F45C0843}
		{3850ECBA-FEA1-48D1-87D4-89AF8ABFC742} = {E0C21924-4F3B-4961-9448-CD5F315D8671}
		{39AD6ABC-B0F8-4A22-8139-BAD174F7A363} = {E0C21924-4F3B-4961-9448-CD5F315D8671}
		{6AC580FD-3563-42EA-BE1E-8590794610AB} = {E0C21924-4F3B-4961-9448-CD5F315D8671}
		{5872A8A4-25DB-4BC8-9883-F5B5F9481891} = {E0C21924-4F3B-4961-9448-CD5F315D8671}
		{8B2CA960-E778-402A-8362-7D047BB8B268} = {E0C21924-4F3B-4961-9448-CD5F315D8671}
		{C9103CE9-BDBA-433D-B87E-04D7AE578B7B} = {E0C21924-4F3B-4961-9448-CD5F315D8671}
		{B65DB501-1476-4040-B2B3-084AE92E7F14} = {E0C21924-4F3B-4961-9448-CD5F315D8671}
		{800C5D79-BECC-4E88-8818-C812D2452B47} = {E0C21924-4F3B-4961-9448-CD5F315D8671}
		{02BA9033-9951-4803-B693-257BE66233D2} = {6705B18C-49E3-4461-BAC5-5D4A4E4D2B87}
		{E8A6EAA6-3F9D-4CA3-9F1E-84B53FEE0F7F} = {6705B18C-49E3-4461-BAC5-5D4A4E4D2B87}
		{B1260D56-F322-4D41-BE8C-987578DE2BC9} = {6705B18C-49E3-4461-BAC5-5D4A4E4D2B87}
		{0164E83F-0B2B-41AE-BBA5-1A1339DCE3FC} = {6705B18C-49E3-4461-BAC5-5D4A4E4D2B87}
		{EF9E8E38-94D5-48F3-818B-39A3EEC976CA} = {6705B18C-49E3-4461-BAC5-5D4A4E4D2B87}
		{EFACDB32-54EF-497A-A14F-FE830B5A0F1D} = {4EC9FB75-31FB-4CBC-878F-24F65CF64CC0}
		{4CB6DD23-9D38-4616-985F-4EAB0CF48E47} = {4EC9FB75-31FB-4CBC-878F-24F65CF64CC0}
		{5486C491-9EF5-4FBB-8AB5-6D0DFFB74BF3} = {4EC9FB75-31FB-4CBC-878F-24F65CF64CC0}
		{9D7CC111-E8CF-4969-AF79-77A4BB437638} = {4EC9FB75-31FB-4CBC-878F-24F65CF64CC0}
		{90CD9626-86C1-4004-B546-C57EE7ED73B1} = {4EC9FB75-31FB-4CBC-878F-24F65CF64CC0}
		{8D261B01-B94C-47EC-86B1-74109452B7B9} = {4EC9FB75-31FB-4CBC-878F-24F65CF64CC0}
		{B3D4DE70-25C5-4FF7-9189-BF5058BFE4B5} = {4EC9FB75-31FB-4CBC-878F-24F65CF64CC0}
		{1E5470A7-B219-468F-8349-99C122F2CADC} = {4EC9FB75-31FB-4CBC-878F-24F65CF64CC0}
		{E2A87B75-0A79-458B-B19D-4162C6C4B5C3} = {4EC9FB75-31FB-4CBC-878F-24F65CF64CC0}
		{BF42E1BB-4A67-4EF9-921B-97293047A533} = {4EC9FB75-31FB-4CBC-878F-24F65CF64CC0}
		{08CAE4D1-9A07-46D0-9571-E5E2206E8C08} = {4EC9FB75-31FB-4CBC-878F-24F65CF64CC0}
		{CC46C1CF-615B-4F59-98CD-5B4378857FC1} = {4EC9FB75-31FB-4CBC-878F-24F65CF64CC0}
		{55C7BB21-C86E-4E0F-A6C4-09799C1B02CF} = {4EC9FB75-31FB-4CBC-878F-24F65CF64CC0}
		{27711BA4-5ADA-44AB-8EF7-B83877D84342} = {4EC9FB75-31FB-4CBC-878F-24F65CF64CC0}
	EndGlobalSection
	GlobalSection(ExtensibilityGlobals) = postSolution
		SolutionGuid = {53D62B6B-D8A3-4C67-A8CE-2B49817C2E6A}
	EndGlobalSection
EndGlobal
